package: fastrlock
repo: https://github.com/scoder/fastrlock
pypi_url: https://pypi.org/project/fastrlock/
extension_type: extensions
python_versions: []
install_method: pip
install_command: pip install Cython && pip install -e . && pip install pytest
test_command: python -m pytest fastrlock/tests -p no:cacheprovider
test_framework: pytest
uses_xdist: false
timeout: 600
skip: false
skip_reason: null
skip_versions: {}
notes: 'Auto-enriched. Backend: setuptools (Cython). Tests in fastrlock/tests/.'
enriched: true
clone_depth: null
import_name: null
